// !$*UTF8*$!
{
	archiveVersion = 1;
	classes = {
	};
	objectVersion = 46;
	objects = {

/* Begin PBXBuildFile section */
		D0A9AB561C4598AE0084CF6E /* main.m in Sources */ = {isa = PBXBuildFile; fileRef = D0A9AB551C4598AE0084CF6E /* main.m */; };
		D0A9AB5E1C4599B70084CF6E /* InputCollector.m in Sources */ = {isa = PBXBuildFile; fileRef = D0A9AB5D1C4599B70084CF6E /* InputCollector.m */; };
		D0A9AB611C45B93D0084CF6E /* Contact.m in Sources */ = {isa = PBXBuildFile; fileRef = D0A9AB601C45B93D0084CF6E /* Contact.m */; };
		D0A9AB641C45BD7D0084CF6E /* ContactList.m in Sources */ = {isa = PBXBuildFile; fileRef = D0A9AB631C45BD7D0084CF6E /* ContactList.m */; };
/* End PBXBuildFile section */

/* Begin PBXCopyFilesBuildPhase section */
		D0A9AB501C4598AE0084CF6E /* CopyFiles */ = {
			isa = PBXCopyFilesBuildPhase;
			buildActionMask = 2147483647;
			dstPath = /usr/share/man/man1/;
			dstSubfolderSpec = 0;
			files = (
			);
			runOnlyForDeploymentPostprocessing = 1;
		};
/* End PBXCopyFilesBuildPhase section */

/* Begin PBXFileReference section */
		D0A9AB521C4598AE0084CF6E /* ContactList */ = {isa = PBXFileReference; explicitFileType = "compiled.mach-o.executable"; includeInIndex = 0; path = ContactList; sourceTree = BUILT_PRODUCTS_DIR; };
		D0A9AB551C4598AE0084CF6E /* main.m */ = {isa = PBXFileReference; lastKnownFileType = sourcecode.c.objc; path = main.m; sourceTree = "<group>"; };
		D0A9AB5C1C4599B70084CF6E /* InputCollector.h */ = {isa = PBXFileReference; fileEncoding = 4; lastKnownFileType = sourcecode.c.h; path = InputCollector.h; sourceTree = "<group>"; };
		D0A9AB5D1C4599B70084CF6E /* InputCollector.m */ = {isa = PBXFileReference; fileEncoding = 4; lastKnownFileType = sourcecode.c.objc; path = InputCollector.m; sourceTree = "<group>"; };
		D0A9AB5F1C45B93D0084CF6E /* Contact.h */ = {isa = PBXFileReference; fileEncoding = 4; lastKnownFileType = sourcecode.c.h; path = Contact.h; sourceTree = "<group>"; };
		D0A9AB601C45B93D0084CF6E /* Contact.m */ = {isa = PBXFileReference; fileEncoding = 4; lastKnownFileType = sourcecode.c.objc; path = Contact.m; sourceTree = "<group>"; };
		D0A9AB621C45BD7D0084CF6E /* ContactList.h */ = {isa = PBXFileReference; fileEncoding = 4; lastKnownFileType = sourcecode.c.h; path = ContactList.h; sourceTree = "<group>"; };
		D0A9AB631C45BD7D0084CF6E /* ContactList.m */ = {isa = PBXFileReference; fileEncoding = 4; lastKnownFileType = sourcecode.c.objc; path = ContactList.m; sourceTree = "<group>"; };
/* End PBXFileReference section */

/* Begin PBXFrameworksBuildPhase section */
		D0A9AB4F1C4598AE0084CF6E /* Frameworks */ = {
			isa = PBXFrameworksBuildPhase;
			buildActionMask = 2147483647;
			files = (
			);
			runOnlyForDeploymentPostprocessing = 0;
		};
/* End PBXFrameworksBuildPhase section */

/* Begin PBXGroup section */
		D0A9AB491C4598AE0084CF6E = {
			isa = PBXGroup;
			children = (
				D0A9AB541C4598AE0084CF6E /* ContactList */,
				D0A9AB531C4598AE0084CF6E /* Products */,
			);
			sourceTree = "<group>";
		};
		D0A9AB531C4598AE0084CF6E /* Products */ = {
			isa = PBXGroup;
			children = (
				D0A9AB521C4598AE0084CF6E /* ContactList */,
			);
			name = Products;
			sourceTree = "<group>";
		};
		D0A9AB541C4598AE0084CF6E /* ContactList */ = {
			isa = PBXGroup;
			children = (
				D0A9AB551C4598AE0084CF6E /* main.m */,
				D0A9AB5C1C4599B70084CF6E /* InputCollector.h */,
				D0A9AB5D1C4599B70084CF6E /* InputCollector.m */,
				D0A9AB5F1C45B93D0084CF6E /* Contact.h */,
				D0A9AB601C45B93D0084CF6E /* Contact.m */,
				D0A9AB621C45BD7D0084CF6E /* ContactList.h */,
				D0A9AB631C45BD7D0084CF6E /* ContactList.m */,
			);
			path = ContactList;
			sourceTree = "<group>";
		};
/* End PBXGroup section */

/* Begin PBXNativeTarget section */
		D0A9AB511C4598AE0084CF6E /* ContactList */ = {
			isa = PBXNativeTarget;
			buildConfigurationList = D0A9AB591C4598AE0084CF6E /* Build configuration list for PBXNativeTarget "ContactList" */;
			buildPhases = (
				D0A9AB4E1C4598AE0084CF6E /* Sources */,
				D0A9AB4F1C4598AE0084CF6E /* Frameworks */,
				D0A9AB501C4598AE0084CF6E /* CopyFiles */,
			);
			buildRules = (
			);
			dependencies = (
			);
			name = ContactList;
			productName = ContactList;
			productReference = D0A9AB521C4598AE0084CF6E /* ContactList */;
			productType = "com.apple.product-type.tool";
		};
/* End PBXNativeTarget section */

/* Begin PBXProject section */
		D0A9AB4A1C4598AE0084CF6E /* Project object */ = {
			isa = PBXProject;
			attributes = {
				LastUpgradeCheck = 0720;
				ORGANIZATIONNAME = "Thiago Heitling";
				TargetAttributes = {
					D0A9AB511C4598AE0084CF6E = {
						CreatedOnToolsVersion = 7.2;
					};
				};
			};
			buildConfigurationList = D0A9AB4D1C4598AE0084CF6E /* Build configuration list for PBXProject "ContactList" */;
			compatibilityVersion = "Xcode 3.2";
			developmentRegion = English;
			hasScannedForEncodings = 0;
			knownRegions = (
				en,
			);
			mainGroup = D0A9AB491C4598AE0084CF6E;
			productRefGroup = D0A9AB531C4598AE0084CF6E /* Products */;
			projectDirPath = "";
			projectRoot = "";
			targets = (
				D0A9AB511C4598AE0084CF6E /* ContactList */,
			);
		};
/* End PBXProject section */

/* Begin PBXSourcesBuildPhase section */
		D0A9AB4E1C4598AE0084CF6E /* Sources */ = {
			isa = PBXSourcesBuildPhase;
			buildActionMask = 2147483647;
			files = (
				D0A9AB641C45BD7D0084CF6E /* ContactList.m in Sources */,
				D0A9AB5E1C4599B70084CF6E /* InputCollector.m in Sources */,
				D0A9AB611C45B93D0084CF6E /* Contact.m in Sources */,
				D0A9AB561C4598AE0084CF6E /* main.m in Sources */,
			);
			runOnlyForDeploymentPostprocessing = 0;
		};
/* End PBXSourcesBuildPhase section */

/* Begin XCBuildConfiguration section */
		D0A9AB571C4598AE0084CF6E /* Debug */ = {
			isa = XCBuildConfiguration;
			buildSettings = {
				ALWAYS_SEARCH_USER_PATHS = NO;
				CLANG_CXX_LANGUAGE_STANDARD = "gnu++0x";
				CLANG_CXX_LIBRARY = "libc++";
				CLANG_ENABLE_MODULES = YES;
				CLANG_ENABLE_OBJC_ARC = YES;
				CLANG_WARN_BOOL_CONVERSION = YES;
				CLANG_WARN_CONSTANT_CONVERSION = YES;
				CLANG_WARN_DIRECT_OBJC_ISA_USAGE = YES_ERROR;
				CLANG_WARN_EMPTY_BODY = YES;
				CLANG_WARN_ENUM_CONVERSION = YES;
				CLANG_WARN_INT_CONVERSION = YES;
				CLANG_WARN_OBJC_ROOT_CLASS = YES_ERROR;
				CLANG_WARN_UNREACHABLE_CODE = YES;
				CLANG_WARN__DUPLICATE_METHOD_MATCH = YES;
				CODE_SIGN_IDENTITY = "-";
				COPY_PHASE_STRIP = NO;
				DEBUG_INFORMATION_FORMAT = dwarf;
				ENABLE_STRICT_OBJC_MSGSEND = YES;
				ENABLE_TESTABILITY = YES;
				GCC_C_LANGUAGE_STANDARD = gnu99;
				GCC_DYNAMIC_NO_PIC = NO;
				GCC_NO_COMMON_BLOCKS = YES;
				GCC_OPTIMIZATION_LEVEL = 0;
				GCC_PREPROCESSOR_DEFINITIONS = (
					"DEBUG=1",
					"$(inherited)",
				);
				GCC_WARN_64_TO_32_BIT_CONVERSION = YES;
				GCC_WARN_ABOUT_RETURN_TYPE = YES_ERROR;
				GCC_WARN_UNDECLARED_SELECTOR = YES;
				GCC_WARN_UNINITIALIZED_AUTOS = YES_AGGRESSIVE;
				GCC_WARN_UNUSED_FUNCTION = YES;
				GCC_WARN_UNUSED_VARIABLE = YES;
				MACOSX_DEPLOYMENT_TARGET = 10.11;
				MTL_ENABLE_DEBUG_INFO = YES;
				ONLY_ACTIVE_ARCH = YES;
				SDKROOT = macosx;
			};
			name = Debug;
		};
		D0A9AB581C4598AE0084CF6E /* Release */ = {
			isa = XCBuildConfiguration;
			buildSettings = {
				ALWAYS_SEARCH_USER_PATHS = NO;
				CLANG_CXX_LANGUAGE_STANDARD = "gnu++0x";
				CLANG_CXX_LIBRARY = "libc++";
				CLANG_ENABLE_MODULES = YES;
				CLANG_ENABLE_OBJC_ARC = YES;
				CLANG_WARN_BOOL_CONVERSION = YES;
				CLANG_WARN_CONSTANT_CONVERSION = YES;
				CLANG_WARN_DIRECT_OBJC_ISA_USAGE = YES_ERROR;
				CLANG_WARN_EMPTY_BODY = YES;
				CLANG_WARN_ENUM_CONVERSION = YES;
				CLANG_WARN_INT_CONVERSION = YES;
				CLANG_WARN_OBJC_ROOT_CLASS = YES_ERROR;
				CLANG_WARN_UNREACHABLE_CODE = YES;
				CLANG_WARN__DUPLICATE_METHOD_MATCH = YES;
				CODE_SIGN_IDENTITY = "-";
				COPY_PHASE_STRIP = NO;
				DEBUG_INFORMATION_FORMAT = "dwarf-with-dsym";
				ENABLE_NS_ASSERTIONS = NO;
				ENABLE_STRICT_OBJC_MSGSEND = YES;
				GCC_C_LANGUAGE_STANDARD = gnu99;
				GCC_NO_COMMON_BLOCKS = YES;
				GCC_WARN_64_TO_32_BIT_CONVERSION = YES;
				GCC_WARN_ABOUT_RETURN_TYPE = YES_ERROR;
				GCC_WARN_UNDECLARED_SELECTOR = YES;
				GCC_WARN_UNINITIALIZED_AUTOS = YES_AGGRESSIVE;
				GCC_WARN_UNUSED_FUNCTION = YES;
				GCC_WARN_UNUSED_VARIABLE = YES;
				MACOSX_DEPLOYMENT_TARGET = 10.11;
				MTL_ENABLE_DEBUG_INFO = NO;
				SDKROOT = macosx;
			};
			name = Release;
		};
		D0A9AB5A1C4598AE0084CF6E /* Debug */ = {
			isa = XCBuildConfiguration;
			buildSettings = {
				PRODUCT_NAME = "$(TARGET_NAME)";
			};
			name = Debug;
		};
		D0A9AB5B1C4598AE0084CF6E /* Release */ = {
			isa = XCBuildConfiguration;
			buildSettings = {
				PRODUCT_NAME = "$(TARGET_NAME)";
			};
			name = Release;
		};
/* End XCBuildConfiguration section */

/* Begin XCConfigurationList section */
		D0A9AB4D1C4598AE0084CF6E /* Build configuration list for PBXProject "ContactList" */ = {
			isa = XCConfigurationList;
			buildConfigurations = (
				D0A9AB571C4598AE0084CF6E /* Debug */,
				D0A9AB581C4598AE0084CF6E /* Release */,
			);
			defaultConfigurationIsVisible = 0;
			defaultConfigurationName = Release;
		};
		D0A9AB591C4598AE0084CF6E /* Build configuration list for PBXNativeTarget "ContactList" */ = {
			isa = XCConfigurationList;
			buildConfigurations = (
				D0A9AB5A1C4598AE0084CF6E /* Debug */,
				D0A9AB5B1C4598AE0084CF6E /* Release */,
			);
			defaultConfigurationIsVisible = 0;
		};
/* End XCConfigurationList section */
	};
	rootObject = D0A9AB4A1C4598AE0084CF6E /* Project object */;
}
